// !$*UTF8*$!
{
	archiveVersion = 1;
	classes = {
	};
	objectVersion = 48;
	objects = {

/* Begin PBXBuildFile section */
		188772392022EA4300FAE06A /* Animal.m in Sources */ = {isa = PBXBuildFile; fileRef = 188772382022EA4300FAE06A /* Animal.m */; };
		1887723C2022EA8F00FAE06A /* Mammal.m in Sources */ = {isa = PBXBuildFile; fileRef = 1887723B2022EA8F00FAE06A /* Mammal.m */; };
		1887723F2022EACC00FAE06A /* Whale.m in Sources */ = {isa = PBXBuildFile; fileRef = 1887723E2022EACC00FAE06A /* Whale.m */; };
		188772422022EC0500FAE06A /* Desinated.m in Sources */ = {isa = PBXBuildFile; fileRef = 188772412022EC0500FAE06A /* Desinated.m */; };
		188AB7132021A7B5008B6128 /* main.m in Sources */ = {isa = PBXBuildFile; fileRef = 188AB7122021A7B5008B6128 /* main.m */; };
		188AB71B2021A7DE008B6128 /* PracticeClass.m in Sources */ = {isa = PBXBuildFile; fileRef = 188AB71A2021A7DE008B6128 /* PracticeClass.m */; };
		188AB71E2021A978008B6128 /* Person.m in Sources */ = {isa = PBXBuildFile; fileRef = 188AB71D2021A978008B6128 /* Person.m */; };
		188AB7212021D7B5008B6128 /* EOCAutoDictionary.m in Sources */ = {isa = PBXBuildFile; fileRef = 188AB7202021D7B5008B6128 /* EOCAutoDictionary.m */; };
/* End PBXBuildFile section */

/* Begin PBXCopyFilesBuildPhase section */
		188AB70D2021A7B5008B6128 /* CopyFiles */ = {
			isa = PBXCopyFilesBuildPhase;
			buildActionMask = 2147483647;
			dstPath = /usr/share/man/man1/;
			dstSubfolderSpec = 0;
			files = (
			);
			runOnlyForDeploymentPostprocessing = 1;
		};
/* End PBXCopyFilesBuildPhase section */

/* Begin PBXFileReference section */
		188772372022EA4300FAE06A /* Animal.h */ = {isa = PBXFileReference; lastKnownFileType = sourcecode.c.h; path = Animal.h; sourceTree = "<group>"; };
		188772382022EA4300FAE06A /* Animal.m */ = {isa = PBXFileReference; lastKnownFileType = sourcecode.c.objc; path = Animal.m; sourceTree = "<group>"; };
		1887723A2022EA8F00FAE06A /* Mammal.h */ = {isa = PBXFileReference; lastKnownFileType = sourcecode.c.h; path = Mammal.h; sourceTree = "<group>"; };
		1887723B2022EA8F00FAE06A /* Mammal.m */ = {isa = PBXFileReference; lastKnownFileType = sourcecode.c.objc; path = Mammal.m; sourceTree = "<group>"; };
		1887723D2022EACC00FAE06A /* Whale.h */ = {isa = PBXFileReference; lastKnownFileType = sourcecode.c.h; path = Whale.h; sourceTree = "<group>"; };
		1887723E2022EACC00FAE06A /* Whale.m */ = {isa = PBXFileReference; lastKnownFileType = sourcecode.c.objc; path = Whale.m; sourceTree = "<group>"; };
		188772402022EC0500FAE06A /* Desinated.h */ = {isa = PBXFileReference; lastKnownFileType = sourcecode.c.h; path = Desinated.h; sourceTree = "<group>"; };
		188772412022EC0500FAE06A /* Desinated.m */ = {isa = PBXFileReference; lastKnownFileType = sourcecode.c.objc; path = Desinated.m; sourceTree = "<group>"; };
		188AB70F2021A7B5008B6128 /* EffectiveObjCDemo */ = {isa = PBXFileReference; explicitFileType = "compiled.mach-o.executable"; includeInIndex = 0; path = EffectiveObjCDemo; sourceTree = BUILT_PRODUCTS_DIR; };
		188AB7122021A7B5008B6128 /* main.m */ = {isa = PBXFileReference; lastKnownFileType = sourcecode.c.objc; path = main.m; sourceTree = "<group>"; };
		188AB7192021A7DE008B6128 /* PracticeClass.h */ = {isa = PBXFileReference; lastKnownFileType = sourcecode.c.h; path = PracticeClass.h; sourceTree = "<group>"; };
		188AB71A2021A7DE008B6128 /* PracticeClass.m */ = {isa = PBXFileReference; lastKnownFileType = sourcecode.c.objc; path = PracticeClass.m; sourceTree = "<group>"; };
		188AB71C2021A978008B6128 /* Person.h */ = {isa = PBXFileReference; lastKnownFileType = sourcecode.c.h; path = Person.h; sourceTree = "<group>"; };
		188AB71D2021A978008B6128 /* Person.m */ = {isa = PBXFileReference; lastKnownFileType = sourcecode.c.objc; path = Person.m; sourceTree = "<group>"; };
		188AB71F2021D7B5008B6128 /* EOCAutoDictionary.h */ = {isa = PBXFileReference; lastKnownFileType = sourcecode.c.h; path = EOCAutoDictionary.h; sourceTree = "<group>"; };
		188AB7202021D7B5008B6128 /* EOCAutoDictionary.m */ = {isa = PBXFileReference; lastKnownFileType = sourcecode.c.objc; path = EOCAutoDictionary.m; sourceTree = "<group>"; };
/* End PBXFileReference section */

/* Begin PBXFrameworksBuildPhase section */
		188AB70C2021A7B5008B6128 /* Frameworks */ = {
			isa = PBXFrameworksBuildPhase;
			buildActionMask = 2147483647;
			files = (
			);
			runOnlyForDeploymentPostprocessing = 0;
		};
/* End PBXFrameworksBuildPhase section */

/* Begin PBXGroup section */
		188772342022E85900FAE06A /* MessageSend */ = {
			isa = PBXGroup;
			children = (
				188AB71F2021D7B5008B6128 /* EOCAutoDictionary.h */,
				188AB7202021D7B5008B6128 /* EOCAutoDictionary.m */,
			);
			path = MessageSend;
			sourceTree = "<group>";
		};
		188772352022E87100FAE06A /* IsEqual */ = {
			isa = PBXGroup;
			children = (
				188AB71C2021A978008B6128 /* Person.h */,
				188AB71D2021A978008B6128 /* Person.m */,
			);
			path = IsEqual;
			sourceTree = "<group>";
		};
		188772362022EA3700FAE06A /* Designated */ = {
			isa = PBXGroup;
			children = (
				188772372022EA4300FAE06A /* Animal.h */,
				188772382022EA4300FAE06A /* Animal.m */,
				1887723A2022EA8F00FAE06A /* Mammal.h */,
				1887723B2022EA8F00FAE06A /* Mammal.m */,
				1887723D2022EACC00FAE06A /* Whale.h */,
				1887723E2022EACC00FAE06A /* Whale.m */,
				188772402022EC0500FAE06A /* Desinated.h */,
				188772412022EC0500FAE06A /* Desinated.m */,
			);
			path = Designated;
			sourceTree = "<group>";
		};
		188AB7062021A7B5008B6128 = {
			isa = PBXGroup;
			children = (
				188AB7112021A7B5008B6128 /* EffectiveObjCDemo */,
				188AB7102021A7B5008B6128 /* Products */,
			);
			sourceTree = "<group>";
		};
		188AB7102021A7B5008B6128 /* Products */ = {
			isa = PBXGroup;
			children = (
				188AB70F2021A7B5008B6128 /* EffectiveObjCDemo */,
			);
			name = Products;
			sourceTree = "<group>";
		};
		188AB7112021A7B5008B6128 /* EffectiveObjCDemo */ = {
			isa = PBXGroup;
			children = (
				188AB7122021A7B5008B6128 /* main.m */,
				188AB7192021A7DE008B6128 /* PracticeClass.h */,
				188AB71A2021A7DE008B6128 /* PracticeClass.m */,
				188772362022EA3700FAE06A /* Designated */,
				188772352022E87100FAE06A /* IsEqual */,
				188772342022E85900FAE06A /* MessageSend */,
			);
			path = EffectiveObjCDemo;
			sourceTree = "<group>";
		};
/* End PBXGroup section */

/* Begin PBXNativeTarget section */
		188AB70E2021A7B5008B6128 /* EffectiveObjCDemo */ = {
			isa = PBXNativeTarget;
			buildConfigurationList = 188AB7162021A7B5008B6128 /* Build configuration list for PBXNativeTarget "EffectiveObjCDemo" */;
			buildPhases = (
				188AB70B2021A7B5008B6128 /* Sources */,
				188AB70C2021A7B5008B6128 /* Frameworks */,
				188AB70D2021A7B5008B6128 /* CopyFiles */,
			);
			buildRules = (
			);
			dependencies = (
			);
			name = EffectiveObjCDemo;
			productName = EffectiveObjCDemo;
			productReference = 188AB70F2021A7B5008B6128 /* EffectiveObjCDemo */;
			productType = "com.apple.product-type.tool";
		};
/* End PBXNativeTarget section */

/* Begin PBXProject section */
		188AB7072021A7B5008B6128 /* Project object */ = {
			isa = PBXProject;
			attributes = {
				LastUpgradeCheck = 0920;
				ORGANIZATIONNAME = Jie;
				TargetAttributes = {
					188AB70E2021A7B5008B6128 = {
						CreatedOnToolsVersion = 9.2;
						ProvisioningStyle = Automatic;
					};
				};
			};
			buildConfigurationList = 188AB70A2021A7B5008B6128 /* Build configuration list for PBXProject "EffectiveObjCDemo" */;
			compatibilityVersion = "Xcode 8.0";
			developmentRegion = en;
			hasScannedForEncodings = 0;
			knownRegions = (
				en,
			);
			mainGroup = 188AB7062021A7B5008B6128;
			productRefGroup = 188AB7102021A7B5008B6128 /* Products */;
			projectDirPath = "";
			projectRoot = "";
			targets = (
				188AB70E2021A7B5008B6128 /* EffectiveObjCDemo */,
			);
		};
/* End PBXProject section */

/* Begin PBXSourcesBuildPhase section */
		188AB70B2021A7B5008B6128 /* Sources */ = {
			isa = PBXSourcesBuildPhase;
			buildActionMask = 2147483647;
			files = (
				1887723C2022EA8F00FAE06A /* Mammal.m in Sources */,
				188AB7212021D7B5008B6128 /* EOCAutoDictionary.m in Sources */,
				1887723F2022EACC00FAE06A /* Whale.m in Sources */,
				188AB71E2021A978008B6128 /* Person.m in Sources */,
				188772392022EA4300FAE06A /* Animal.m in Sources */,
				188AB7132021A7B5008B6128 /* main.m in Sources */,
				188AB71B2021A7DE008B6128 /* PracticeClass.m in Sources */,
				188772422022EC0500FAE06A /* Desinated.m in Sources */,
			);
			runOnlyForDeploymentPostprocessing = 0;
		};
/* End PBXSourcesBuildPhase section */

/* Begin XCBuildConfiguration section */
		188AB7142021A7B5008B6128 /* Debug */ = {
			isa = XCBuildConfiguration;
			buildSettings = {
				ALWAYS_SEARCH_USER_PATHS = NO;
				CLANG_ANALYZER_NONNULL = YES;
				CLANG_ANALYZER_NUMBER_OBJECT_CONVERSION = YES_AGGRESSIVE;
				CLANG_CXX_LANGUAGE_STANDARD = "gnu++14";
				CLANG_CXX_LIBRARY = "libc++";
				CLANG_ENABLE_MODULES = YES;
				CLANG_ENABLE_OBJC_ARC = YES;
				CLANG_WARN_BLOCK_CAPTURE_AUTORELEASING = YES;
				CLANG_WARN_BOOL_CONVERSION = YES;
				CLANG_WARN_COMMA = YES;
				CLANG_WARN_CONSTANT_CONVERSION = YES;
				CLANG_WARN_DIRECT_OBJC_ISA_USAGE = YES_ERROR;
				CLANG_WARN_DOCUMENTATION_COMMENTS = YES;
				CLANG_WARN_EMPTY_BODY = YES;
				CLANG_WARN_ENUM_CONVERSION = YES;
				CLANG_WARN_INFINITE_RECURSION = YES;
				CLANG_WARN_INT_CONVERSION = YES;
				CLANG_WARN_NON_LITERAL_NULL_CONVERSION = YES;
				CLANG_WARN_OBJC_LITERAL_CONVERSION = YES;
				CLANG_WARN_OBJC_ROOT_CLASS = YES_ERROR;
				CLANG_WARN_RANGE_LOOP_ANALYSIS = YES;
				CLANG_WARN_STRICT_PROTOTYPES = YES;
				CLANG_WARN_SUSPICIOUS_MOVE = YES;
				CLANG_WARN_UNGUARDED_AVAILABILITY = YES_AGGRESSIVE;
				CLANG_WARN_UNREACHABLE_CODE = YES;
				CLANG_WARN__DUPLICATE_METHOD_MATCH = YES;
				CODE_SIGN_IDENTITY = "Mac Developer";
				COPY_PHASE_STRIP = NO;
				DEBUG_INFORMATION_FORMAT = dwarf;
				ENABLE_STRICT_OBJC_MSGSEND = YES;
				ENABLE_TESTABILITY = YES;
				GCC_C_LANGUAGE_STANDARD = gnu11;
				GCC_DYNAMIC_NO_PIC = NO;
				GCC_NO_COMMON_BLOCKS = YES;
				GCC_OPTIMIZATION_LEVEL = 0;
				GCC_PREPROCESSOR_DEFINITIONS = (
					"DEBUG=1",
					"$(inherited)",
				);
				GCC_WARN_64_TO_32_BIT_CONVERSION = YES;
				GCC_WARN_ABOUT_RETURN_TYPE = YES_ERROR;
				GCC_WARN_UNDECLARED_SELECTOR = YES;
				GCC_WARN_UNINITIALIZED_AUTOS = YES_AGGRESSIVE;
				GCC_WARN_UNUSED_FUNCTION = YES;
				GCC_WARN_UNUSED_VARIABLE = YES;
				MACOSX_DEPLOYMENT_TARGET = 10.13;
				MTL_ENABLE_DEBUG_INFO = YES;
				ONLY_ACTIVE_ARCH = YES;
				SDKROOT = macosx;
			};
			name = Debug;
		};
		188AB7152021A7B5008B6128 /* Release */ = {
			isa = XCBuildConfiguration;
			buildSettings = {
				ALWAYS_SEARCH_USER_PATHS = NO;
				CLANG_ANALYZER_NONNULL = YES;
				CLANG_ANALYZER_NUMBER_OBJECT_CONVERSION = YES_AGGRESSIVE;
				CLANG_CXX_LANGUAGE_STANDARD = "gnu++14";
				CLANG_CXX_LIBRARY = "libc++";
				CLANG_ENABLE_MODULES = YES;
				CLANG_ENABLE_OBJC_ARC = YES;
				CLANG_WARN_BLOCK_CAPTURE_AUTORELEASING = YES;
				CLANG_WARN_BOOL_CONVERSION = YES;
				CLANG_WARN_COMMA = YES;
				CLANG_WARN_CONSTANT_CONVERSION = YES;
				CLANG_WARN_DIRECT_OBJC_ISA_USAGE = YES_ERROR;
				CLANG_WARN_DOCUMENTATION_COMMENTS = YES;
				CLANG_WARN_EMPTY_BODY = YES;
				CLANG_WARN_ENUM_CONVERSION = YES;
				CLANG_WARN_INFINITE_RECURSION = YES;
				CLANG_WARN_INT_CONVERSION = YES;
				CLANG_WARN_NON_LITERAL_NULL_CONVERSION = YES;
				CLANG_WARN_OBJC_LITERAL_CONVERSION = YES;
				CLANG_WARN_OBJC_ROOT_CLASS = YES_ERROR;
				CLANG_WARN_RANGE_LOOP_ANALYSIS = YES;
				CLANG_WARN_STRICT_PROTOTYPES = YES;
				CLANG_WARN_SUSPICIOUS_MOVE = YES;
				CLANG_WARN_UNGUARDED_AVAILABILITY = YES_AGGRESSIVE;
				CLANG_WARN_UNREACHABLE_CODE = YES;
				CLANG_WARN__DUPLICATE_METHOD_MATCH = YES;
				CODE_SIGN_IDENTITY = "Mac Developer";
				COPY_PHASE_STRIP = NO;
				DEBUG_INFORMATION_FORMAT = "dwarf-with-dsym";
				ENABLE_NS_ASSERTIONS = NO;
				ENABLE_STRICT_OBJC_MSGSEND = YES;
				GCC_C_LANGUAGE_STANDARD = gnu11;
				GCC_NO_COMMON_BLOCKS = YES;
				GCC_WARN_64_TO_32_BIT_CONVERSION = YES;
				GCC_WARN_ABOUT_RETURN_TYPE = YES_ERROR;
				GCC_WARN_UNDECLARED_SELECTOR = YES;
				GCC_WARN_UNINITIALIZED_AUTOS = YES_AGGRESSIVE;
				GCC_WARN_UNUSED_FUNCTION = YES;
				GCC_WARN_UNUSED_VARIABLE = YES;
				MACOSX_DEPLOYMENT_TARGET = 10.13;
				MTL_ENABLE_DEBUG_INFO = NO;
				SDKROOT = macosx;
			};
			name = Release;
		};
		188AB7172021A7B5008B6128 /* Debug */ = {
			isa = XCBuildConfiguration;
			buildSettings = {
				CODE_SIGN_STYLE = Automatic;
				DEVELOPMENT_TEAM = 554Q59PJJ2;
				PRODUCT_NAME = "$(TARGET_NAME)";
			};
			name = Debug;
		};
		188AB7182021A7B5008B6128 /* Release */ = {
			isa = XCBuildConfiguration;
			buildSettings = {
				CODE_SIGN_STYLE = Automatic;
				DEVELOPMENT_TEAM = 554Q59PJJ2;
				PRODUCT_NAME = "$(TARGET_NAME)";
			};
			name = Release;
		};
/* End XCBuildConfiguration section */

/* Begin XCConfigurationList section */
		188AB70A2021A7B5008B6128 /* Build configuration list for PBXProject "EffectiveObjCDemo" */ = {
			isa = XCConfigurationList;
			buildConfigurations = (
				188AB7142021A7B5008B6128 /* Debug */,
				188AB7152021A7B5008B6128 /* Release */,
			);
			defaultConfigurationIsVisible = 0;
			defaultConfigurationName = Release;
		};
		188AB7162021A7B5008B6128 /* Build configuration list for PBXNativeTarget "EffectiveObjCDemo" */ = {
			isa = XCConfigurationList;
			buildConfigurations = (
				188AB7172021A7B5008B6128 /* Debug */,
				188AB7182021A7B5008B6128 /* Release */,
			);
			defaultConfigurationIsVisible = 0;
			defaultConfigurationName = Release;
		};
/* End XCConfigurationList section */
	};
	rootObject = 188AB7072021A7B5008B6128 /* Project object */;
}
